<?xml version="1.0" encoding="UTF-8" standalone="yes" ?>
<CodeBlocks_project_file>
	<FileVersion major="1" minor="6" />
	<Project>
		<Option title="openGeeK" />
		<Option pch_mode="2" />
		<Option compiler="gcc" />
		<Build>
			<Target title="Debug">
				<Option output="bin/Debug/openGeeK" prefix_auto="1" extension_auto="1" />
				<Option object_output="obj/Debug/" />
				<Option type="1" />
				<Option compiler="gcc" />
				<Compiler>
					<Add option="-g" />
				</Compiler>
			</Target>
			<Target title="Release">
				<Option output="bin/Release/openGeeK" prefix_auto="1" extension_auto="1" />
				<Option object_output="obj/Release/" />
				<Option type="1" />
				<Option compiler="gcc" />
				<Compiler>
					<Add option="-O2" />
				</Compiler>
				<Linker>
					<Add option="-s" />
				</Linker>
			</Target>
		</Build>
		<Compiler>
			<Add option="-Wall" />
			<Add option="-fexceptions" />
			<Add directory="/home/afreak/Downloads/bullet-2.81-rev2613/src" />
		</Compiler>
		<Linker>
			<Add option="-lGLEW" />
			<Add option="-lglfw" />
			<Add option="-lSDL" />
			<Add option="-lSDL_image" />
			<Add option="-lassimp" />
			<Add library="/home/afreak/externalCPPprograms/bullet/bin/Debug/libbullet.a" />
		</Linker>
		<Unit filename="BaseGL.cpp" />
		<Unit filename="BaseGL.h" />
		<Unit filename="Camera.cpp" />
		<Unit filename="Camera.h" />
		<Unit filename="Car.cpp" />
		<Unit filename="Car.h" />
		<Unit filename="Cruiser.cpp" />
		<Unit filename="Cruiser.h" />
		<Unit filename="DistanceConstraint.h" />
		<Unit filename="Geometry.cpp" />
		<Unit filename="Geometry.h" />
		<Unit filename="ImportModel.cpp" />
		<Unit filename="ImportModel.h" />
		<Unit filename="Mesh.cpp" />
		<Unit filename="Mesh.h" />
		<Unit filename="Object3D.cpp" />
		<Unit filename="Object3D.h" />
		<Unit filename="Phys.cpp" />
		<Unit filename="Phys.h" />
		<Unit filename="PhysObject.cpp" />
		<Unit filename="PhysObject.h" />
		<Unit filename="Player.cpp" />
		<Unit filename="Player.h" />
		<Unit filename="Water.cpp" />
		<Unit filename="Water.h" />
		<Unit filename="Window.cpp" />
		<Unit filename="Window.h" />
		<Unit filename="hMotionState.cpp" />
		<Unit filename="hMotionState.h" />
		<Unit filename="imageLoader.cpp" />
		<Unit filename="imageLoader.h" />
		<Unit filename="main.cpp" />
		<Unit filename="shaderCompile.cpp" />
		<Unit filename="shaderCompile.h" />
		<Extensions>
			<code_completion />
			<debugger />
		</Extensions>
	</Project>
</CodeBlocks_project_file>
